// !$*UTF8*$!
{
	archiveVersion = 1;
	classes = {
	};
	objectVersion = 77;
	objects = {

/* Begin PBXBuildFile section */
		D0E8CCA52D33E5D10084F5CA /* ExampleViewController.swift in Sources */ = {isa = PBXBuildFile; fileRef = D0E8CC982D33E5D10084F5CA /* ExampleViewController.swift */; };
		D0E8CCA62D33E5D10084F5CA /* SceneDelegate.swift in Sources */ = {isa = PBXBuildFile; fileRef = D0E8CCA02D33E5D10084F5CA /* SceneDelegate.swift */; };
		D0E8CCA72D33E5D10084F5CA /* AppDelegate.swift in Sources */ = {isa = PBXBuildFile; fileRef = D0E8CC912D33E5D10084F5CA /* AppDelegate.swift */; };
		D0E8CCA82D33E5D10084F5CA /* MemojiContentView.swift in Sources */ = {isa = PBXBuildFile; fileRef = D0E8CCA12D33E5D10084F5CA /* MemojiContentView.swift */; };
		D0E8CCA92D33E5D10084F5CA /* SwiftUIExampleViewController.swift in Sources */ = {isa = PBXBuildFile; fileRef = D0E8CCA22D33E5D10084F5CA /* SwiftUIExampleViewController.swift */; };
		D0E8CCAE2D33E5D10084F5CA /* Main.storyboard in Resources */ = {isa = PBXBuildFile; fileRef = D0E8CC962D33E5D10084F5CA /* Main.storyboard */; };
		D0E8CCAF2D33E5D10084F5CA /* Assets.xcassets in Resources */ = {isa = PBXBuildFile; fileRef = D0E8CC922D33E5D10084F5CA /* Assets.xcassets */; };
		D0E8CCB22D33E5D10084F5CA /* LaunchScreen.storyboard in Resources */ = {isa = PBXBuildFile; fileRef = D0E8CC942D33E5D10084F5CA /* LaunchScreen.storyboard */; };
		D0E8CCBB2D33F17A0084F5CA /* MemojiView in Frameworks */ = {isa = PBXBuildFile; productRef = D0E8CCBA2D33F17A0084F5CA /* MemojiView */; };
/* End PBXBuildFile section */

/* Begin PBXFileReference section */
		D00B96542D3C898E00D070EB /* Info.plist */ = {isa = PBXFileReference; lastKnownFileType = text.plist.xml; path = Info.plist; sourceTree = "<group>"; };
		D0E8CC792D33E5A40084F5CA /* MemojiViewExample.app */ = {isa = PBXFileReference; explicitFileType = wrapper.application; includeInIndex = 0; path = MemojiViewExample.app; sourceTree = BUILT_PRODUCTS_DIR; };
		D0E8CC912D33E5D10084F5CA /* AppDelegate.swift */ = {isa = PBXFileReference; lastKnownFileType = sourcecode.swift; path = AppDelegate.swift; sourceTree = "<group>"; };
		D0E8CC922D33E5D10084F5CA /* Assets.xcassets */ = {isa = PBXFileReference; lastKnownFileType = folder.assetcatalog; path = Assets.xcassets; sourceTree = "<group>"; };
		D0E8CC932D33E5D10084F5CA /* Base */ = {isa = PBXFileReference; lastKnownFileType = file.storyboard; name = Base; path = LaunchScreen.storyboard; sourceTree = "<group>"; };
		D0E8CC952D33E5D10084F5CA /* Base */ = {isa = PBXFileReference; lastKnownFileType = file.storyboard; name = Base; path = Main.storyboard; sourceTree = "<group>"; };
		D0E8CC982D33E5D10084F5CA /* ExampleViewController.swift */ = {isa = PBXFileReference; lastKnownFileType = sourcecode.swift; path = ExampleViewController.swift; sourceTree = "<group>"; };
		D0E8CC9A2D33E5D10084F5CA /* banner.png */ = {isa = PBXFileReference; lastKnownFileType = image.png; path = banner.png; sourceTree = "<group>"; };
		D0E8CC9B2D33E5D10084F5CA /* demo.gif */ = {isa = PBXFileReference; lastKnownFileType = image.gif; path = demo.gif; sourceTree = "<group>"; };
		D0E8CC9C2D33E5D10084F5CA /* demo_text.gif */ = {isa = PBXFileReference; lastKnownFileType = image.gif; path = demo_text.gif; sourceTree = "<group>"; };
		D0E8CC9D2D33E5D10084F5CA /* preview1.png */ = {isa = PBXFileReference; lastKnownFileType = image.png; path = preview1.png; sourceTree = "<group>"; };
		D0E8CC9E2D33E5D10084F5CA /* preview2.png */ = {isa = PBXFileReference; lastKnownFileType = image.png; path = preview2.png; sourceTree = "<group>"; };
		D0E8CCA02D33E5D10084F5CA /* SceneDelegate.swift */ = {isa = PBXFileReference; lastKnownFileType = sourcecode.swift; path = SceneDelegate.swift; sourceTree = "<group>"; };
		D0E8CCA12D33E5D10084F5CA /* MemojiContentView.swift */ = {isa = PBXFileReference; lastKnownFileType = sourcecode.swift; path = MemojiContentView.swift; sourceTree = "<group>"; };
		D0E8CCA22D33E5D10084F5CA /* SwiftUIExampleViewController.swift */ = {isa = PBXFileReference; lastKnownFileType = sourcecode.swift; path = SwiftUIExampleViewController.swift; sourceTree = "<group>"; };
/* End PBXFileReference section */

/* Begin PBXFrameworksBuildPhase section */
		D0E8CC762D33E5A40084F5CA /* Frameworks */ = {
			isa = PBXFrameworksBuildPhase;
			buildActionMask = 2147483647;
			files = (
				D0E8CCBB2D33F17A0084F5CA /* MemojiView in Frameworks */,
			);
			runOnlyForDeploymentPostprocessing = 0;
		};
/* End PBXFrameworksBuildPhase section */

/* Begin PBXGroup section */
		D00B96552D3C898E00D070EB /* Supporting Files */ = {
			isa = PBXGroup;
			children = (
				D00B96542D3C898E00D070EB /* Info.plist */,
			);
			path = "Supporting Files";
			sourceTree = "<group>";
		};
		D0E8CC702D33E5A30084F5CA = {
			isa = PBXGroup;
			children = (
				D0E8CC912D33E5D10084F5CA /* AppDelegate.swift */,
				D0E8CCA02D33E5D10084F5CA /* SceneDelegate.swift */,
				D00B96552D3C898E00D070EB /* Supporting Files */,
				D0E8CCB42D33E6140084F5CA /* Resources */,
				D0E8CCB52D33E63E0084F5CA /* ViewController */,
				D0E8CC7A2D33E5A40084F5CA /* Products */,
			);
			sourceTree = "<group>";
		};
		D0E8CC7A2D33E5A40084F5CA /* Products */ = {
			isa = PBXGroup;
			children = (
				D0E8CC792D33E5A40084F5CA /* MemojiViewExample.app */,
			);
			name = Products;
			sourceTree = "<group>";
		};
		D0E8CC972D33E5D10084F5CA /* Base.lproj */ = {
			isa = PBXGroup;
			children = (
				D0E8CC942D33E5D10084F5CA /* LaunchScreen.storyboard */,
				D0E8CC962D33E5D10084F5CA /* Main.storyboard */,
			);
			path = Base.lproj;
			sourceTree = "<group>";
		};
		D0E8CC9F2D33E5D10084F5CA /* Preview */ = {
			isa = PBXGroup;
			children = (
				D0E8CC9A2D33E5D10084F5CA /* banner.png */,
				D0E8CC9B2D33E5D10084F5CA /* demo.gif */,
				D0E8CC9C2D33E5D10084F5CA /* demo_text.gif */,
				D0E8CC9D2D33E5D10084F5CA /* preview1.png */,
				D0E8CC9E2D33E5D10084F5CA /* preview2.png */,
			);
			path = Preview;
			sourceTree = "<group>";
		};
		D0E8CCA32D33E5D10084F5CA /* SwiftUI */ = {
			isa = PBXGroup;
			children = (
				D0E8CCA12D33E5D10084F5CA /* MemojiContentView.swift */,
				D0E8CCA22D33E5D10084F5CA /* SwiftUIExampleViewController.swift */,
			);
			path = SwiftUI;
			sourceTree = "<group>";
		};
		D0E8CCB42D33E6140084F5CA /* Resources */ = {
			isa = PBXGroup;
			children = (
				D0E8CC922D33E5D10084F5CA /* Assets.xcassets */,
				D0E8CC9F2D33E5D10084F5CA /* Preview */,
				D0E8CC972D33E5D10084F5CA /* Base.lproj */,
			);
			path = Resources;
			sourceTree = "<group>";
		};
		D0E8CCB52D33E63E0084F5CA /* ViewController */ = {
			isa = PBXGroup;
			children = (
				D0E8CCA32D33E5D10084F5CA /* SwiftUI */,
				D0E8CC982D33E5D10084F5CA /* ExampleViewController.swift */,
			);
			path = ViewController;
			sourceTree = "<group>";
		};
/* End PBXGroup section */

/* Begin PBXNativeTarget section */
		D0E8CC782D33E5A40084F5CA /* MemojiViewExample */ = {
			isa = PBXNativeTarget;
			buildConfigurationList = D0E8CC8C2D33E5A50084F5CA /* Build configuration list for PBXNativeTarget "MemojiViewExample" */;
			buildPhases = (
				D0E8CC752D33E5A40084F5CA /* Sources */,
				D0E8CC762D33E5A40084F5CA /* Frameworks */,
				D0E8CC772D33E5A40084F5CA /* Resources */,
			);
			buildRules = (
			);
			dependencies = (
			);
			name = MemojiViewExample;
			packageProductDependencies = (
				D0E8CCBA2D33F17A0084F5CA /* MemojiView */,
			);
			productName = MemojiViewExample;
			productReference = D0E8CC792D33E5A40084F5CA /* MemojiViewExample.app */;
			productType = "com.apple.product-type.application";
		};
/* End PBXNativeTarget section */

/* Begin PBXProject section */
		D0E8CC712D33E5A30084F5CA /* Project object */ = {
			isa = PBXProject;
			attributes = {
				BuildIndependentTargetsInParallel = 1;
				LastSwiftUpdateCheck = 1620;
				LastUpgradeCheck = 1620;
				TargetAttributes = {
					D0E8CC782D33E5A40084F5CA = {
						CreatedOnToolsVersion = 16.2;
					};
				};
			};
			buildConfigurationList = D0E8CC742D33E5A30084F5CA /* Build configuration list for PBXProject "MemojiViewExample" */;
			developmentRegion = en;
			hasScannedForEncodings = 0;
			knownRegions = (
				en,
				Base,
			);
			mainGroup = D0E8CC702D33E5A30084F5CA;
			minimizedProjectReferenceProxies = 1;
			packageReferences = (
				D0E8CCB92D33F17A0084F5CA /* XCLocalSwiftPackageReference "../../MemojiView" */,
			);
			preferredProjectObjectVersion = 77;
			productRefGroup = D0E8CC7A2D33E5A40084F5CA /* Products */;
			projectDirPath = "";
			projectRoot = "";
			targets = (
				D0E8CC782D33E5A40084F5CA /* MemojiViewExample */,
			);
		};
/* End PBXProject section */

/* Begin PBXResourcesBuildPhase section */
		D0E8CC772D33E5A40084F5CA /* Resources */ = {
			isa = PBXResourcesBuildPhase;
			buildActionMask = 2147483647;
			files = (
				D0E8CCAE2D33E5D10084F5CA /* Main.storyboard in Resources */,
				D0E8CCAF2D33E5D10084F5CA /* Assets.xcassets in Resources */,
				D0E8CCB22D33E5D10084F5CA /* LaunchScreen.storyboard in Resources */,
			);
			runOnlyForDeploymentPostprocessing = 0;
		};
/* End PBXResourcesBuildPhase section */

/* Begin PBXSourcesBuildPhase section */
		D0E8CC752D33E5A40084F5CA /* Sources */ = {
			isa = PBXSourcesBuildPhase;
			buildActionMask = 2147483647;
			files = (
				D0E8CCA52D33E5D10084F5CA /* ExampleViewController.swift in Sources */,
				D0E8CCA62D33E5D10084F5CA /* SceneDelegate.swift in Sources */,
				D0E8CCA72D33E5D10084F5CA /* AppDelegate.swift in Sources */,
				D0E8CCA82D33E5D10084F5CA /* MemojiContentView.swift in Sources */,
				D0E8CCA92D33E5D10084F5CA /* SwiftUIExampleViewController.swift in Sources */,
			);
			runOnlyForDeploymentPostprocessing = 0;
		};
/* End PBXSourcesBuildPhase section */

/* Begin PBXVariantGroup section */
		D0E8CC942D33E5D10084F5CA /* LaunchScreen.storyboard */ = {
			isa = PBXVariantGroup;
			children = (
				D0E8CC932D33E5D10084F5CA /* Base */,
			);
			name = LaunchScreen.storyboard;
			sourceTree = "<group>";
		};
		D0E8CC962D33E5D10084F5CA /* Main.storyboard */ = {
			isa = PBXVariantGroup;
			children = (
				D0E8CC952D33E5D10084F5CA /* Base */,
			);
			name = Main.storyboard;
			sourceTree = "<group>";
		};
/* End PBXVariantGroup section */

/* Begin XCBuildConfiguration section */
		D0E8CC8D2D33E5A50084F5CA /* Debug */ = {
			isa = XCBuildConfiguration;
			buildSettings = {
				ASSETCATALOG_COMPILER_APPICON_NAME = AppIcon;
				ASSETCATALOG_COMPILER_GLOBAL_ACCENT_COLOR_NAME = AccentColor;
				CODE_SIGN_STYLE = Automatic;
				CURRENT_PROJECT_VERSION = 1;
				DEVELOPMENT_TEAM = L7BXVNN29K;
				GENERATE_INFOPLIST_FILE = YES;
				INFOPLIST_FILE = "Supporting Files/Info.plist";
				INFOPLIST_KEY_UIApplicationSupportsIndirectInputEvents = YES;
				INFOPLIST_KEY_UILaunchStoryboardName = LaunchScreen;
				INFOPLIST_KEY_UIMainStoryboardFile = Main;
				INFOPLIST_KEY_UISupportedInterfaceOrientations_iPad = "UIInterfaceOrientationPortrait UIInterfaceOrientationPortraitUpsideDown UIInterfaceOrientationLandscapeLeft UIInterfaceOrientationLandscapeRight";
				INFOPLIST_KEY_UISupportedInterfaceOrientations_iPhone = "UIInterfaceOrientationPortrait UIInterfaceOrientationLandscapeLeft UIInterfaceOrientationLandscapeRight";
				IPHONEOS_DEPLOYMENT_TARGET = 16.6;
				LD_RUNPATH_SEARCH_PATHS = (
					"$(inherited)",
					"@executable_path/Frameworks",
				);
				MARKETING_VERSION = 1.0;
				PRODUCT_BUNDLE_IDENTIFIER = com.emrearmagan.MemojiViewExample;
				PRODUCT_NAME = "$(TARGET_NAME)";
				SWIFT_EMIT_LOC_STRINGS = YES;
				SWIFT_VERSION = 4.2;
				TARGETED_DEVICE_FAMILY = "1,2";
			};
			name = Debug;
		};
		D0E8CC8E2D33E5A50084F5CA /* Release */ = {
			isa = XCBuildConfiguration;
			buildSettings = {
				ASSETCATALOG_COMPILER_APPICON_NAME = AppIcon;
				ASSETCATALOG_COMPILER_GLOBAL_ACCENT_COLOR_NAME = AccentColor;
				CODE_SIGN_STYLE = Automatic;
				CURRENT_PROJECT_VERSION = 1;
				DEVELOPMENT_TEAM = L7BXVNN29K;
				GENERATE_INFOPLIST_FILE = YES;
				INFOPLIST_FILE = "Supporting Files/Info.plist";
				INFOPLIST_KEY_UIApplicationSupportsIndirectInputEvents = YES;
				INFOPLIST_KEY_UILaunchStoryboardName = LaunchScreen;
				INFOPLIST_KEY_UIMainStoryboardFile = Main;
				INFOPLIST_KEY_UISupportedInterfaceOrientations_iPad = "UIInterfaceOrientationPortrait UIInterfaceOrientationPortraitUpsideDown UIInterfaceOrientationLandscapeLeft UIInterfaceOrientationLandscapeRight";
				INFOPLIST_KEY_UISupportedInterfaceOrientations_iPhone = "UIInterfaceOrientationPortrait UIInterfaceOrientationLandscapeLeft UIInterfaceOrientationLandscapeRight";
				IPHONEOS_DEPLOYMENT_TARGET = 16.6;
				LD_RUNPATH_SEARCH_PATHS = (
					"$(inherited)",
					"@executable_path/Frameworks",
				);
				MARKETING_VERSION = 1.0;
				PRODUCT_BUNDLE_IDENTIFIER = com.emrearmagan.MemojiViewExample;
				PRODUCT_NAME = "$(TARGET_NAME)";
				SWIFT_EMIT_LOC_STRINGS = YES;
				SWIFT_VERSION = 4.2;
				TARGETED_DEVICE_FAMILY = "1,2";
			};
			name = Release;
		};
		D0E8CC8F2D33E5A50084F5CA /* Debug */ = {
			isa = XCBuildConfiguration;
			buildSettings = {
				ALWAYS_SEARCH_USER_PATHS = NO;
				ASSETCATALOG_COMPILER_GENERATE_SWIFT_ASSET_SYMBOL_EXTENSIONS = YES;
				CLANG_ANALYZER_NONNULL = YES;
				CLANG_ANALYZER_NUMBER_OBJECT_CONVERSION = YES_AGGRESSIVE;
				CLANG_CXX_LANGUAGE_STANDARD = "gnu++20";
				CLANG_ENABLE_MODULES = YES;
				CLANG_ENABLE_OBJC_ARC = YES;
				CLANG_ENABLE_OBJC_WEAK = YES;
				CLANG_WARN_BLOCK_CAPTURE_AUTORELEASING = YES;
				CLANG_WARN_BOOL_CONVERSION = YES;
				CLANG_WARN_COMMA = YES;
				CLANG_WARN_CONSTANT_CONVERSION = YES;
				CLANG_WARN_DEPRECATED_OBJC_IMPLEMENTATIONS = YES;
				CLANG_WARN_DIRECT_OBJC_ISA_USAGE = YES_ERROR;
				CLANG_WARN_DOCUMENTATION_COMMENTS = YES;
				CLANG_WARN_EMPTY_BODY = YES;
				CLANG_WARN_ENUM_CONVERSION = YES;
				CLANG_WARN_INFINITE_RECURSION = YES;
				CLANG_WARN_INT_CONVERSION = YES;
				CLANG_WARN_NON_LITERAL_NULL_CONVERSION = YES;
				CLANG_WARN_OBJC_IMPLICIT_RETAIN_SELF = YES;
				CLANG_WARN_OBJC_LITERAL_CONVERSION = YES;
				CLANG_WARN_OBJC_ROOT_CLASS = YES_ERROR;
				CLANG_WARN_QUOTED_INCLUDE_IN_FRAMEWORK_HEADER = YES;
				CLANG_WARN_RANGE_LOOP_ANALYSIS = YES;
				CLANG_WARN_STRICT_PROTOTYPES = YES;
				CLANG_WARN_SUSPICIOUS_MOVE = YES;
				CLANG_WARN_UNGUARDED_AVAILABILITY = YES_AGGRESSIVE;
				CLANG_WARN_UNREACHABLE_CODE = YES;
				CLANG_WARN__DUPLICATE_METHOD_MATCH = YES;
				COPY_PHASE_STRIP = NO;
				DEBUG_INFORMATION_FORMAT = dwarf;
				ENABLE_STRICT_OBJC_MSGSEND = YES;
				ENABLE_TESTABILITY = YES;
				ENABLE_USER_SCRIPT_SANDBOXING = YES;
				GCC_C_LANGUAGE_STANDARD = gnu17;
				GCC_DYNAMIC_NO_PIC = NO;
				GCC_NO_COMMON_BLOCKS = YES;
				GCC_OPTIMIZATION_LEVEL = 0;
				GCC_PREPROCESSOR_DEFINITIONS = (
					"DEBUG=1",
					"$(inherited)",
				);
				GCC_WARN_64_TO_32_BIT_CONVERSION = YES;
				GCC_WARN_ABOUT_RETURN_TYPE = YES_ERROR;
				GCC_WARN_UNDECLARED_SELECTOR = YES;
				GCC_WARN_UNINITIALIZED_AUTOS = YES_AGGRESSIVE;
				GCC_WARN_UNUSED_FUNCTION = YES;
				GCC_WARN_UNUSED_VARIABLE = YES;
				IPHONEOS_DEPLOYMENT_TARGET = 18.2;
				LOCALIZATION_PREFERS_STRING_CATALOGS = YES;
				MTL_ENABLE_DEBUG_INFO = INCLUDE_SOURCE;
				MTL_FAST_MATH = YES;
				ONLY_ACTIVE_ARCH = YES;
				SDKROOT = iphoneos;
				SWIFT_ACTIVE_COMPILATION_CONDITIONS = "DEBUG $(inherited)";
				SWIFT_OPTIMIZATION_LEVEL = "-Onone";
			};
			name = Debug;
		};
		D0E8CC902D33E5A50084F5CA /* Release */ = {
			isa = XCBuildConfiguration;
			buildSettings = {
				ALWAYS_SEARCH_USER_PATHS = NO;
				ASSETCATALOG_COMPILER_GENERATE_SWIFT_ASSET_SYMBOL_EXTENSIONS = YES;
				CLANG_ANALYZER_NONNULL = YES;
				CLANG_ANALYZER_NUMBER_OBJECT_CONVERSION = YES_AGGRESSIVE;
				CLANG_CXX_LANGUAGE_STANDARD = "gnu++20";
				CLANG_ENABLE_MODULES = YES;
				CLANG_ENABLE_OBJC_ARC = YES;
				CLANG_ENABLE_OBJC_WEAK = YES;
				CLANG_WARN_BLOCK_CAPTURE_AUTORELEASING = YES;
				CLANG_WARN_BOOL_CONVERSION = YES;
				CLANG_WARN_COMMA = YES;
				CLANG_WARN_CONSTANT_CONVERSION = YES;
				CLANG_WARN_DEPRECATED_OBJC_IMPLEMENTATIONS = YES;
				CLANG_WARN_DIRECT_OBJC_ISA_USAGE = YES_ERROR;
				CLANG_WARN_DOCUMENTATION_COMMENTS = YES;
				CLANG_WARN_EMPTY_BODY = YES;
				CLANG_WARN_ENUM_CONVERSION = YES;
				CLANG_WARN_INFINITE_RECURSION = YES;
				CLANG_WARN_INT_CONVERSION = YES;
				CLANG_WARN_NON_LITERAL_NULL_CONVERSION = YES;
				CLANG_WARN_OBJC_IMPLICIT_RETAIN_SELF = YES;
				CLANG_WARN_OBJC_LITERAL_CONVERSION = YES;
				CLANG_WARN_OBJC_ROOT_CLASS = YES_ERROR;
				CLANG_WARN_QUOTED_INCLUDE_IN_FRAMEWORK_HEADER = YES;
				CLANG_WARN_RANGE_LOOP_ANALYSIS = YES;
				CLANG_WARN_STRICT_PROTOTYPES = YES;
				CLANG_WARN_SUSPICIOUS_MOVE = YES;
				CLANG_WARN_UNGUARDED_AVAILABILITY = YES_AGGRESSIVE;
				CLANG_WARN_UNREACHABLE_CODE = YES;
				CLANG_WARN__DUPLICATE_METHOD_MATCH = YES;
				COPY_PHASE_STRIP = NO;
				DEBUG_INFORMATION_FORMAT = "dwarf-with-dsym";
				ENABLE_NS_ASSERTIONS = NO;
				ENABLE_STRICT_OBJC_MSGSEND = YES;
				ENABLE_USER_SCRIPT_SANDBOXING = YES;
				GCC_C_LANGUAGE_STANDARD = gnu17;
				GCC_NO_COMMON_BLOCKS = YES;
				GCC_WARN_64_TO_32_BIT_CONVERSION = YES;
				GCC_WARN_ABOUT_RETURN_TYPE = YES_ERROR;
				GCC_WARN_UNDECLARED_SELECTOR = YES;
				GCC_WARN_UNINITIALIZED_AUTOS = YES_AGGRESSIVE;
				GCC_WARN_UNUSED_FUNCTION = YES;
				GCC_WARN_UNUSED_VARIABLE = YES;
				IPHONEOS_DEPLOYMENT_TARGET = 18.2;
				LOCALIZATION_PREFERS_STRING_CATALOGS = YES;
				MTL_ENABLE_DEBUG_INFO = NO;
				MTL_FAST_MATH = YES;
				SDKROOT = iphoneos;
				SWIFT_COMPILATION_MODE = wholemodule;
				VALIDATE_PRODUCT = YES;
			};
			name = Release;
		};
/* End XCBuildConfiguration section */

/* Begin XCConfigurationList section */
		D0E8CC742D33E5A30084F5CA /* Build configuration list for PBXProject "MemojiViewExample" */ = {
			isa = XCConfigurationList;
			buildConfigurations = (
				D0E8CC8F2D33E5A50084F5CA /* Debug */,
				D0E8CC902D33E5A50084F5CA /* Release */,
			);
			defaultConfigurationIsVisible = 0;
			defaultConfigurationName = Release;
		};
		D0E8CC8C2D33E5A50084F5CA /* Build configuration list for PBXNativeTarget "MemojiViewExample" */ = {
			isa = XCConfigurationList;
			buildConfigurations = (
				D0E8CC8D2D33E5A50084F5CA /* Debug */,
				D0E8CC8E2D33E5A50084F5CA /* Release */,
			);
			defaultConfigurationIsVisible = 0;
			defaultConfigurationName = Release;
		};
/* End XCConfigurationList section */

/* Begin XCLocalSwiftPackageReference section */
		D0E8CCB92D33F17A0084F5CA /* XCLocalSwiftPackageReference "../../MemojiView" */ = {
			isa = XCLocalSwiftPackageReference;
			relativePath = ../../MemojiView;
		};
/* End XCLocalSwiftPackageReference section */

/* Begin XCSwiftPackageProductDependency section */
		D0E8CCBA2D33F17A0084F5CA /* MemojiView */ = {
			isa = XCSwiftPackageProductDependency;
			productName = MemojiView;
		};
/* End XCSwiftPackageProductDependency section */
	};
	rootObject = D0E8CC712D33E5A30084F5CA /* Project object */;
}
